
Microsoft Visual Studio Solution File, Format Version 12.00
# Visual Studio Version 17
VisualStudioVersion = 17.0.31903.59
MinimumVisualStudioVersion = 10.0.40219.1
Project("{2150E333-8FDC-42A3-9474-1A3956D46DE8}") = "src", "src", "{827E0CD3-B72D-47B6-A68D-7590B98EB39B}"
EndProject
Project("{FAE04EC0-301F-11D3-BF4B-00C04F79EFBC}") = "Counterpoint.Application", "src\Counterpoint.Application\Counterpoint.Application.csproj", "{533F3B66-F1C4-4E81-A602-425B4F1464F7}"
EndProject
Project("{FAE04EC0-301F-11D3-BF4B-00C04F79EFBC}") = "Counterpoint.Domain", "src\Counterpoint.Domain\Counterpoint.Domain.csproj", "{6708AD96-0D0C-4695-9D4A-0E92CB6098BC}"
EndProject
Project("{FAE04EC0-301F-11D3-BF4B-00C04F79EFBC}") = "Counterpoint.Backup", "src\Counterpoint.Backup\Counterpoint.Backup.csproj", "{90D45017-D8DC-4C84-81E7-0A5AD9D09C99}"
EndProject
Project("{FAE04EC0-301F-11D3-BF4B-00C04F79EFBC}") = "Counterpoint.Devices", "src\Counterpoint.Devices\Counterpoint.Devices.csproj", "{C9A260CA-F1E4-437C-8FBF-FB463AA0B7FF}"
EndProject
Project("{FAE04EC0-301F-11D3-BF4B-00C04F79EFBC}") = "Counterpoint.Infrastructure", "src\Counterpoint.Infrastructure\Counterpoint.Infrastructure.csproj", "{3FDBD2DA-2D27-44ED-8EE3-4016189D6134}"
EndProject
Project("{FAE04EC0-301F-11D3-BF4B-00C04F79EFBC}") = "Counterpoint.Reporting", "src\Counterpoint.Reporting\Counterpoint.Reporting.csproj", "{54046812-1B1F-488F-A7EF-A59C8DDE6EC9}"
EndProject
Project("{FAE04EC0-301F-11D3-BF4B-00C04F79EFBC}") = "Counterpoint.Ui", "src\Counterpoint.Ui\Counterpoint.Ui.csproj", "{6A1F74DE-803C-4A4C-9877-55029F62D175}"
EndProject
Project("{2150E333-8FDC-42A3-9474-1A3956D46DE8}") = "tests", "tests", "{0AB3BF05-4346-4AA6-1389-037BE0695223}"
EndProject
Project("{FAE04EC0-301F-11D3-BF4B-00C04F79EFBC}") = "Counterpoint.Acceptance.Tests", "tests\Counterpoint.Acceptance.Tests\Counterpoint.Acceptance.Tests.csproj", "{6F41C42D-8333-48D0-8A28-4003CDC9C2F0}"
EndProject
Project("{FAE04EC0-301F-11D3-BF4B-00C04F79EFBC}") = "Counterpoint.Device.Tests", "tests\Counterpoint.Device.Tests\Counterpoint.Device.Tests.csproj", "{EBC5BE1A-5833-48D6-A47C-BE3B0C27D916}"
EndProject
Project("{FAE04EC0-301F-11D3-BF4B-00C04F79EFBC}") = "Counterpoint.Domain.Tests", "tests\Counterpoint.Domain.Tests\Counterpoint.Domain.Tests.csproj", "{50C3FDFF-1FCE-41DC-9AF6-19F88EBAC9D3}"
EndProject
Project("{FAE04EC0-301F-11D3-BF4B-00C04F79EFBC}") = "Counterpoint.Integration.Tests", "tests\Counterpoint.Integration.Tests\Counterpoint.Integration.Tests.csproj", "{E466450E-4E75-4209-BC82-35E29A5024A2}"
EndProject
Project("{FAE04EC0-301F-11D3-BF4B-00C04F79EFBC}") = "Counterpoint.App", "src\Counterpoint.App\Counterpoint.App.csproj", "{3CBFA437-3D61-44DB-B3E8-79C5BE3026D1}"
EndProject
Global
	GlobalSection(SolutionConfigurationPlatforms) = preSolution
		Debug|Any CPU = Debug|Any CPU
		Debug|x64 = Debug|x64
		Debug|x86 = Debug|x86
		Release|Any CPU = Release|Any CPU
		Release|x64 = Release|x64
		Release|x86 = Release|x86
	EndGlobalSection
	GlobalSection(ProjectConfigurationPlatforms) = postSolution
		{533F3B66-F1C4-4E81-A602-425B4F1464F7}.Debug|Any CPU.ActiveCfg = Debug|Any CPU
		{533F3B66-F1C4-4E81-A602-425B4F1464F7}.Debug|Any CPU.Build.0 = Debug|Any CPU
		{533F3B66-F1C4-4E81-A602-425B4F1464F7}.Debug|x64.ActiveCfg = Debug|Any CPU
		{533F3B66-F1C4-4E81-A602-425B4F1464F7}.Debug|x64.Build.0 = Debug|Any CPU
		{533F3B66-F1C4-4E81-A602-425B4F1464F7}.Debug|x86.ActiveCfg = Debug|Any CPU
		{533F3B66-F1C4-4E81-A602-425B4F1464F7}.Debug|x86.Build.0 = Debug|Any CPU
		{533F3B66-F1C4-4E81-A602-425B4F1464F7}.Release|Any CPU.ActiveCfg = Release|Any CPU
		{533F3B66-F1C4-4E81-A602-425B4F1464F7}.Release|Any CPU.Build.0 = Release|Any CPU
		{533F3B66-F1C4-4E81-A602-425B4F1464F7}.Release|x64.ActiveCfg = Release|Any CPU
		{533F3B66-F1C4-4E81-A602-425B4F1464F7}.Release|x64.Build.0 = Release|Any CPU
		{533F3B66-F1C4-4E81-A602-425B4F1464F7}.Release|x86.ActiveCfg = Release|Any CPU
		{533F3B66-F1C4-4E81-A602-425B4F1464F7}.Release|x86.Build.0 = Release|Any CPU
		{6708AD96-0D0C-4695-9D4A-0E92CB6098BC}.Debug|Any CPU.ActiveCfg = Debug|Any CPU
		{6708AD96-0D0C-4695-9D4A-0E92CB6098BC}.Debug|Any CPU.Build.0 = Debug|Any CPU
		{6708AD96-0D0C-4695-9D4A-0E92CB6098BC}.Debug|x64.ActiveCfg = Debug|Any CPU
		{6708AD96-0D0C-4695-9D4A-0E92CB6098BC}.Debug|x64.Build.0 = Debug|Any CPU
		{6708AD96-0D0C-4695-9D4A-0E92CB6098BC}.Debug|x86.ActiveCfg = Debug|Any CPU
		{6708AD96-0D0C-4695-9D4A-0E92CB6098BC}.Debug|x86.Build.0 = Debug|Any CPU
		{6708AD96-0D0C-4695-9D4A-0E92CB6098BC}.Release|Any CPU.ActiveCfg = Release|Any CPU
		{6708AD96-0D0C-4695-9D4A-0E92CB6098BC}.Release|Any CPU.Build.0 = Release|Any CPU
		{6708AD96-0D0C-4695-9D4A-0E92CB6098BC}.Release|x64.ActiveCfg = Release|Any CPU
		{6708AD96-0D0C-4695-9D4A-0E92CB6098BC}.Release|x64.Build.0 = Release|Any CPU
		{6708AD96-0D0C-4695-9D4A-0E92CB6098BC}.Release|x86.ActiveCfg = Release|Any CPU
		{6708AD96-0D0C-4695-9D4A-0E92CB6098BC}.Release|x86.Build.0 = Release|Any CPU
		{90D45017-D8DC-4C84-81E7-0A5AD9D09C99}.Debug|Any CPU.ActiveCfg = Debug|Any CPU
		{90D45017-D8DC-4C84-81E7-0A5AD9D09C99}.Debug|Any CPU.Build.0 = Debug|Any CPU
		{90D45017-D8DC-4C84-81E7-0A5AD9D09C99}.Debug|x64.ActiveCfg = Debug|Any CPU
		{90D45017-D8DC-4C84-81E7-0A5AD9D09C99}.Debug|x64.Build.0 = Debug|Any CPU
		{90D45017-D8DC-4C84-81E7-0A5AD9D09C99}.Debug|x86.ActiveCfg = Debug|Any CPU
		{90D45017-D8DC-4C84-81E7-0A5AD9D09C99}.Debug|x86.Build.0 = Debug|Any CPU
		{90D45017-D8DC-4C84-81E7-0A5AD9D09C99}.Release|Any CPU.ActiveCfg = Release|Any CPU
		{90D45017-D8DC-4C84-81E7-0A5AD9D09C99}.Release|Any CPU.Build.0 = Release|Any CPU
		{90D45017-D8DC-4C84-81E7-0A5AD9D09C99}.Release|x64.ActiveCfg = Release|Any CPU
		{90D45017-D8DC-4C84-81E7-0A5AD9D09C99}.Release|x64.Build.0 = Release|Any CPU
		{90D45017-D8DC-4C84-81E7-0A5AD9D09C99}.Release|x86.ActiveCfg = Release|Any CPU
		{90D45017-D8DC-4C84-81E7-0A5AD9D09C99}.Release|x86.Build.0 = Release|Any CPU
		{C9A260CA-F1E4-437C-8FBF-FB463AA0B7FF}.Debug|Any CPU.ActiveCfg = Debug|Any CPU
		{C9A260CA-F1E4-437C-8FBF-FB463AA0B7FF}.Debug|Any CPU.Build.0 = Debug|Any CPU
		{C9A260CA-F1E4-437C-8FBF-FB463AA0B7FF}.Debug|x64.ActiveCfg = Debug|Any CPU
		{C9A260CA-F1E4-437C-8FBF-FB463AA0B7FF}.Debug|x64.Build.0 = Debug|Any CPU
		{C9A260CA-F1E4-437C-8FBF-FB463AA0B7FF}.Debug|x86.ActiveCfg = Debug|Any CPU
		{C9A260CA-F1E4-437C-8FBF-FB463AA0B7FF}.Debug|x86.Build.0 = Debug|Any CPU
		{C9A260CA-F1E4-437C-8FBF-FB463AA0B7FF}.Release|Any CPU.ActiveCfg = Release|Any CPU
		{C9A260CA-F1E4-437C-8FBF-FB463AA0B7FF}.Release|Any CPU.Build.0 = Release|Any CPU
		{C9A260CA-F1E4-437C-8FBF-FB463AA0B7FF}.Release|x64.ActiveCfg = Release|Any CPU
		{C9A260CA-F1E4-437C-8FBF-FB463AA0B7FF}.Release|x64.Build.0 = Release|Any CPU
		{C9A260CA-F1E4-437C-8FBF-FB463AA0B7FF}.Release|x86.ActiveCfg = Release|Any CPU
		{C9A260CA-F1E4-437C-8FBF-FB463AA0B7FF}.Release|x86.Build.0 = Release|Any CPU
		{3FDBD2DA-2D27-44ED-8EE3-4016189D6134}.Debug|Any CPU.ActiveCfg = Debug|Any CPU
		{3FDBD2DA-2D27-44ED-8EE3-4016189D6134}.Debug|Any CPU.Build.0 = Debug|Any CPU
		{3FDBD2DA-2D27-44ED-8EE3-4016189D6134}.Debug|x64.ActiveCfg = Debug|Any CPU
		{3FDBD2DA-2D27-44ED-8EE3-4016189D6134}.Debug|x64.Build.0 = Debug|Any CPU
		{3FDBD2DA-2D27-44ED-8EE3-4016189D6134}.Debug|x86.ActiveCfg = Debug|Any CPU
		{3FDBD2DA-2D27-44ED-8EE3-4016189D6134}.Debug|x86.Build.0 = Debug|Any CPU
		{3FDBD2DA-2D27-44ED-8EE3-4016189D6134}.Release|Any CPU.ActiveCfg = Release|Any CPU
		{3FDBD2DA-2D27-44ED-8EE3-4016189D6134}.Release|Any CPU.Build.0 = Release|Any CPU
		{3FDBD2DA-2D27-44ED-8EE3-4016189D6134}.Release|x64.ActiveCfg = Release|Any CPU
		{3FDBD2DA-2D27-44ED-8EE3-4016189D6134}.Release|x64.Build.0 = Release|Any CPU
		{3FDBD2DA-2D27-44ED-8EE3-4016189D6134}.Release|x86.ActiveCfg = Release|Any CPU
		{3FDBD2DA-2D27-44ED-8EE3-4016189D6134}.Release|x86.Build.0 = Release|Any CPU
		{54046812-1B1F-488F-A7EF-A59C8DDE6EC9}.Debug|Any CPU.ActiveCfg = Debug|Any CPU
		{54046812-1B1F-488F-A7EF-A59C8DDE6EC9}.Debug|Any CPU.Build.0 = Debug|Any CPU
		{54046812-1B1F-488F-A7EF-A59C8DDE6EC9}.Debug|x64.ActiveCfg = Debug|Any CPU
		{54046812-1B1F-488F-A7EF-A59C8DDE6EC9}.Debug|x64.Build.0 = Debug|Any CPU
		{54046812-1B1F-488F-A7EF-A59C8DDE6EC9}.Debug|x86.ActiveCfg = Debug|Any CPU
		{54046812-1B1F-488F-A7EF-A59C8DDE6EC9}.Debug|x86.Build.0 = Debug|Any CPU
		{54046812-1B1F-488F-A7EF-A59C8DDE6EC9}.Release|Any CPU.ActiveCfg = Release|Any CPU
		{54046812-1B1F-488F-A7EF-A59C8DDE6EC9}.Release|Any CPU.Build.0 = Release|Any CPU
		{54046812-1B1F-488F-A7EF-A59C8DDE6EC9}.Release|x64.ActiveCfg = Release|Any CPU
		{54046812-1B1F-488F-A7EF-A59C8DDE6EC9}.Release|x64.Build.0 = Release|Any CPU
		{54046812-1B1F-488F-A7EF-A59C8DDE6EC9}.Release|x86.ActiveCfg = Release|Any CPU
		{54046812-1B1F-488F-A7EF-A59C8DDE6EC9}.Release|x86.Build.0 = Release|Any CPU
		{6A1F74DE-803C-4A4C-9877-55029F62D175}.Debug|Any CPU.ActiveCfg = Debug|Any CPU
		{6A1F74DE-803C-4A4C-9877-55029F62D175}.Debug|Any CPU.Build.0 = Debug|Any CPU
		{6A1F74DE-803C-4A4C-9877-55029F62D175}.Debug|x64.ActiveCfg = Debug|Any CPU
		{6A1F74DE-803C-4A4C-9877-55029F62D175}.Debug|x64.Build.0 = Debug|Any CPU
		{6A1F74DE-803C-4A4C-9877-55029F62D175}.Debug|x86.ActiveCfg = Debug|Any CPU
		{6A1F74DE-803C-4A4C-9877-55029F62D175}.Debug|x86.Build.0 = Debug|Any CPU
		{6A1F74DE-803C-4A4C-9877-55029F62D175}.Release|Any CPU.ActiveCfg = Release|Any CPU
		{6A1F74DE-803C-4A4C-9877-55029F62D175}.Release|Any CPU.Build.0 = Release|Any CPU
		{6A1F74DE-803C-4A4C-9877-55029F62D175}.Release|x64.ActiveCfg = Release|Any CPU
		{6A1F74DE-803C-4A4C-9877-55029F62D175}.Release|x64.Build.0 = Release|Any CPU
		{6A1F74DE-803C-4A4C-9877-55029F62D175}.Release|x86.ActiveCfg = Release|Any CPU
		{6A1F74DE-803C-4A4C-9877-55029F62D175}.Release|x86.Build.0 = Release|Any CPU
		{6F41C42D-8333-48D0-8A28-4003CDC9C2F0}.Debug|Any CPU.ActiveCfg = Debug|Any CPU
		{6F41C42D-8333-48D0-8A28-4003CDC9C2F0}.Debug|Any CPU.Build.0 = Debug|Any CPU
		{6F41C42D-8333-48D0-8A28-4003CDC9C2F0}.Debug|x64.ActiveCfg = Debug|Any CPU
		{6F41C42D-8333-48D0-8A28-4003CDC9C2F0}.Debug|x64.Build.0 = Debug|Any CPU
		{6F41C42D-8333-48D0-8A28-4003CDC9C2F0}.Debug|x86.ActiveCfg = Debug|Any CPU
		{6F41C42D-8333-48D0-8A28-4003CDC9C2F0}.Debug|x86.Build.0 = Debug|Any CPU
		{6F41C42D-8333-48D0-8A28-4003CDC9C2F0}.Release|Any CPU.ActiveCfg = Release|Any CPU
		{6F41C42D-8333-48D0-8A28-4003CDC9C2F0}.Release|Any CPU.Build.0 = Release|Any CPU
		{6F41C42D-8333-48D0-8A28-4003CDC9C2F0}.Release|x64.ActiveCfg = Release|Any CPU
		{6F41C42D-8333-48D0-8A28-4003CDC9C2F0}.Release|x64.Build.0 = Release|Any CPU
		{6F41C42D-8333-48D0-8A28-4003CDC9C2F0}.Release|x86.ActiveCfg = Release|Any CPU
		{6F41C42D-8333-48D0-8A28-4003CDC9C2F0}.Release|x86.Build.0 = Release|Any CPU
		{EBC5BE1A-5833-48D6-A47C-BE3B0C27D916}.Debug|Any CPU.ActiveCfg = Debug|Any CPU
		{EBC5BE1A-5833-48D6-A47C-BE3B0C27D916}.Debug|Any CPU.Build.0 = Debug|Any CPU
		{EBC5BE1A-5833-48D6-A47C-BE3B0C27D916}.Debug|x64.ActiveCfg = Debug|Any CPU
		{EBC5BE1A-5833-48D6-A47C-BE3B0C27D916}.Debug|x64.Build.0 = Debug|Any CPU
		{EBC5BE1A-5833-48D6-A47C-BE3B0C27D916}.Debug|x86.ActiveCfg = Debug|Any CPU
		{EBC5BE1A-5833-48D6-A47C-BE3B0C27D916}.Debug|x86.Build.0 = Debug|Any CPU
		{EBC5BE1A-5833-48D6-A47C-BE3B0C27D916}.Release|Any CPU.ActiveCfg = Release|Any CPU
		{EBC5BE1A-5833-48D6-A47C-BE3B0C27D916}.Release|Any CPU.Build.0 = Release|Any CPU
		{EBC5BE1A-5833-48D6-A47C-BE3B0C27D916}.Release|x64.ActiveCfg = Release|Any CPU
		{EBC5BE1A-5833-48D6-A47C-BE3B0C27D916}.Release|x64.Build.0 = Release|Any CPU
		{EBC5BE1A-5833-48D6-A47C-BE3B0C27D916}.Release|x86.ActiveCfg = Release|Any CPU
		{EBC5BE1A-5833-48D6-A47C-BE3B0C27D916}.Release|x86.Build.0 = Release|Any CPU
		{50C3FDFF-1FCE-41DC-9AF6-19F88EBAC9D3}.Debug|Any CPU.ActiveCfg = Debug|Any CPU
		{50C3FDFF-1FCE-41DC-9AF6-19F88EBAC9D3}.Debug|Any CPU.Build.0 = Debug|Any CPU
		{50C3FDFF-1FCE-41DC-9AF6-19F88EBAC9D3}.Debug|x64.ActiveCfg = Debug|Any CPU
		{50C3FDFF-1FCE-41DC-9AF6-19F88EBAC9D3}.Debug|x64.Build.0 = Debug|Any CPU
		{50C3FDFF-1FCE-41DC-9AF6-19F88EBAC9D3}.Debug|x86.ActiveCfg = Debug|Any CPU
		{50C3FDFF-1FCE-41DC-9AF6-19F88EBAC9D3}.Debug|x86.Build.0 = Debug|Any CPU
		{50C3FDFF-1FCE-41DC-9AF6-19F88EBAC9D3}.Release|Any CPU.ActiveCfg = Release|Any CPU
		{50C3FDFF-1FCE-41DC-9AF6-19F88EBAC9D3}.Release|Any CPU.Build.0 = Release|Any CPU
		{50C3FDFF-1FCE-41DC-9AF6-19F88EBAC9D3}.Release|x64.ActiveCfg = Release|Any CPU
		{50C3FDFF-1FCE-41DC-9AF6-19F88EBAC9D3}.Release|x64.Build.0 = Release|Any CPU
		{50C3FDFF-1FCE-41DC-9AF6-19F88EBAC9D3}.Release|x86.ActiveCfg = Release|Any CPU
		{50C3FDFF-1FCE-41DC-9AF6-19F88EBAC9D3}.Release|x86.Build.0 = Release|Any CPU
		{E466450E-4E75-4209-BC82-35E29A5024A2}.Debug|Any CPU.ActiveCfg = Debug|Any CPU
		{E466450E-4E75-4209-BC82-35E29A5024A2}.Debug|Any CPU.Build.0 = Debug|Any CPU
		{E466450E-4E75-4209-BC82-35E29A5024A2}.Debug|x64.ActiveCfg = Debug|Any CPU
		{E466450E-4E75-4209-BC82-35E29A5024A2}.Debug|x64.Build.0 = Debug|Any CPU
		{E466450E-4E75-4209-BC82-35E29A5024A2}.Debug|x86.ActiveCfg = Debug|Any CPU
		{E466450E-4E75-4209-BC82-35E29A5024A2}.Debug|x86.Build.0 = Debug|Any CPU
		{E466450E-4E75-4209-BC82-35E29A5024A2}.Release|Any CPU.ActiveCfg = Release|Any CPU
		{E466450E-4E75-4209-BC82-35E29A5024A2}.Release|Any CPU.Build.0 = Release|Any CPU
		{E466450E-4E75-4209-BC82-35E29A5024A2}.Release|x64.ActiveCfg = Release|Any CPU
		{E466450E-4E75-4209-BC82-35E29A5024A2}.Release|x64.Build.0 = Release|Any CPU
		{E466450E-4E75-4209-BC82-35E29A5024A2}.Release|x86.ActiveCfg = Release|Any CPU
		{E466450E-4E75-4209-BC82-35E29A5024A2}.Release|x86.Build.0 = Release|Any CPU
		{3CBFA437-3D61-44DB-B3E8-79C5BE3026D1}.Debug|Any CPU.ActiveCfg = Debug|Any CPU
		{3CBFA437-3D61-44DB-B3E8-79C5BE3026D1}.Debug|Any CPU.Build.0 = Debug|Any CPU
		{3CBFA437-3D61-44DB-B3E8-79C5BE3026D1}.Debug|x64.ActiveCfg = Debug|Any CPU
		{3CBFA437-3D61-44DB-B3E8-79C5BE3026D1}.Debug|x64.Build.0 = Debug|Any CPU
		{3CBFA437-3D61-44DB-B3E8-79C5BE3026D1}.Debug|x86.ActiveCfg = Debug|Any CPU
		{3CBFA437-3D61-44DB-B3E8-79C5BE3026D1}.Debug|x86.Build.0 = Debug|Any CPU
		{3CBFA437-3D61-44DB-B3E8-79C5BE3026D1}.Release|Any CPU.ActiveCfg = Release|Any CPU
		{3CBFA437-3D61-44DB-B3E8-79C5BE3026D1}.Release|Any CPU.Build.0 = Release|Any CPU
		{3CBFA437-3D61-44DB-B3E8-79C5BE3026D1}.Release|x64.ActiveCfg = Release|Any CPU
		{3CBFA437-3D61-44DB-B3E8-79C5BE3026D1}.Release|x64.Build.0 = Release|Any CPU
		{3CBFA437-3D61-44DB-B3E8-79C5BE3026D1}.Release|x86.ActiveCfg = Release|Any CPU
		{3CBFA437-3D61-44DB-B3E8-79C5BE3026D1}.Release|x86.Build.0 = Release|Any CPU
	EndGlobalSection
	GlobalSection(SolutionProperties) = preSolution
		HideSolutionNode = FALSE
	EndGlobalSection
	GlobalSection(NestedProjects) = preSolution
		{533F3B66-F1C4-4E81-A602-425B4F1464F7} = {827E0CD3-B72D-47B6-A68D-7590B98EB39B}
		{6708AD96-0D0C-4695-9D4A-0E92CB6098BC} = {827E0CD3-B72D-47B6-A68D-7590B98EB39B}
		{90D45017-D8DC-4C84-81E7-0A5AD9D09C99} = {827E0CD3-B72D-47B6-A68D-7590B98EB39B}
		{C9A260CA-F1E4-437C-8FBF-FB463AA0B7FF} = {827E0CD3-B72D-47B6-A68D-7590B98EB39B}
		{3FDBD2DA-2D27-44ED-8EE3-4016189D6134} = {827E0CD3-B72D-47B6-A68D-7590B98EB39B}
		{54046812-1B1F-488F-A7EF-A59C8DDE6EC9} = {827E0CD3-B72D-47B6-A68D-7590B98EB39B}
		{6A1F74DE-803C-4A4C-9877-55029F62D175} = {827E0CD3-B72D-47B6-A68D-7590B98EB39B}
		{6F41C42D-8333-48D0-8A28-4003CDC9C2F0} = {0AB3BF05-4346-4AA6-1389-037BE0695223}
		{EBC5BE1A-5833-48D6-A47C-BE3B0C27D916} = {0AB3BF05-4346-4AA6-1389-037BE0695223}
		{50C3FDFF-1FCE-41DC-9AF6-19F88EBAC9D3} = {0AB3BF05-4346-4AA6-1389-037BE0695223}
		{E466450E-4E75-4209-BC82-35E29A5024A2} = {0AB3BF05-4346-4AA6-1389-037BE0695223}
		{3CBFA437-3D61-44DB-B3E8-79C5BE3026D1} = {827E0CD3-B72D-47B6-A68D-7590B98EB39B}
	EndGlobalSection
EndGlobal
